# This file is automatically @generated by Poetry 1.8.4 and should not be changed by hand.

[[package]]
name = "neo4j"
version = "5.27.0"
description = "Neo4j Bolt driver for Python"
optional = false
python-versions = ">=3.7"
files = [
    {file = "neo4j-5.27.0-py3-none-any.whl", hash = "sha256:929c14b9e5341267324eca170b39d1798b032bffacc26a0529eacaf678ae483f"},
    {file = "neo4j-5.27.0.tar.gz", hash = "sha256:f82ee807cd15b178898d83f41a66372e11719a25dd487fd7bea48fd4b7323765"},
]

[package.dependencies]
pytz = "*"

[package.extras]
numpy = ["numpy (>=1.7.0,<3.0.0)"]
pandas = ["numpy (>=1.7.0,<3.0.0)", "pandas (>=1.1.0,<3.0.0)"]
pyarrow = ["pyarrow (>=1.0.0)"]

[[package]]
name = "neomodel"
version = "5.4.2"
description = "An object mapper for the neo4j graph database."
optional = false
python-versions = ">=3.9"
files = [
    {file = "neomodel-5.4.2-py3-none-any.whl", hash = "sha256:2909cb2c8efb0cc402d40a7a2575c576041218d824d875c2848a6e7335576e63"},
    {file = "neomodel-5.4.2.tar.gz", hash = "sha256:2d1b09ed6f22142ef745eb90c00345f6df1bf7b97d1534ee2ce31d39fdce0ca9"},
]

[package.dependencies]
neo4j = ">=5.27.0,<5.28.0"

[package.extras]
dev = ["black", "isort", "mypy", "pandas-stubs", "pre-commit", "pytest (>=7.1)", "pytest-asyncio", "pytest-cov (>=4.0)", "pytest-mock", "types-pytz", "types-shapely", "unasync"]
extras = ["numpy", "pandas", "shapely"]
numpy = ["numpy"]
pandas = ["pandas"]
rust-driver-ext = ["neo4j-rust-ext (==5.27.0.0)"]
shapely = ["Shapely (>=2.0.0)"]

[[package]]
name = "pytz"
version = "2024.2"
description = "World timezone definitions, modern and historical"
optional = false
python-versions = "*"
files = [
    {file = "pytz-2024.2-py2.py3-none-any.whl", hash = "sha256:31c7c1817eb7fae7ca4b8c7ee50c72f93aa2dd863de768e1ef4245d426aa0725"},
    {file = "pytz-2024.2.tar.gz", hash = "sha256:2aa355083c50a0f93fa581709deac0c9ad65cca8a9e9beac660adcbd493c798a"},
]

[metadata]
lock-version = "2.0"
python-versions = ">=3.10,<3.12"
content-hash = "abc3ae4189adb5d3ec3177a9fd83f72a247720c142a1e8b9518daafda8688877"
